
Microsoft Visual Studio Solution File, Format Version 12.00
# Visual Studio Version 17
VisualStudioVersion = 17.14.36623.8 d17.14
MinimumVisualStudioVersion = 10.0.40219.1
Project("{FAE04EC0-301F-11D3-BF4B-00C04F79EFBC}") = "2027 Skeleton Code", "2027 Skeleton Code\2027 Skeleton Code.csproj", "{19F2251B-98A8-48AA-A3B6-D619F17F1A89}"
EndProject
Global
	GlobalSection(SolutionConfigurationPlatforms) = preSolution
		Debug|Any CPU = Debug|Any CPU
		Release|Any CPU = Release|Any CPU
	EndGlobalSection
	GlobalSection(ProjectConfigurationPlatforms) = postSolution
		{19F2251B-98A8-48AA-A3B6-D619F17F1A89}.Debug|Any CPU.ActiveCfg = Debug|Any CPU
		{19F2251B-98A8-48AA-A3B6-D619F17F1A89}.Debug|Any CPU.Build.0 = Debug|Any CPU
		{19F2251B-98A8-48AA-A3B6-D619F17F1A89}.Release|Any CPU.ActiveCfg = Release|Any CPU
		{19F2251B-98A8-48AA-A3B6-D619F17F1A89}.Release|Any CPU.Build.0 = Release|Any CPU
	EndGlobalSection
	GlobalSection(SolutionProperties) = preSolution
		HideSolutionNode = FALSE
	EndGlobalSection
	GlobalSection(ExtensibilityGlobals) = postSolution
		SolutionGuid = {8D34E0B2-9617-49DE-B751-1B8B76129C27}
	EndGlobalSection
EndGlobal
